
Microsoft Visual Studio Solution File, Format Version 12.00
# Visual Studio Version 17
VisualStudioVersion = 17.0.32112.339
MinimumVisualStudioVersion = 10.0.40219.1
Project("{9A19103F-16F7-4668-BE54-9A1E7A4F7556}") = "backend", "app\backend.csproj", "{59B5C3B8-F4BA-4B4A-BA1B-0B12BCCEA833}"
EndProject
Project("{9A19103F-16F7-4668-BE54-9A1E7A4F7556}") = "backend-tests", "tests\backend-tests.csproj", "{AA50D66E-239B-4394-88EC-B7B83C31FC37}"
EndProject
Global
	GlobalSection(SolutionConfigurationPlatforms) = preSolution
		Debug|Any CPU = Debug|Any CPU
		Release|Any CPU = Release|Any CPU
	EndGlobalSection
	GlobalSection(ProjectConfigurationPlatforms) = postSolution
		{59B5C3B8-F4BA-4B4A-BA1B-0B12BCCEA833}.Debug|Any CPU.ActiveCfg = Debug|Any CPU
		{59B5C3B8-F4BA-4B4A-BA1B-0B12BCCEA833}.Debug|Any CPU.Build.0 = Debug|Any CPU
		{59B5C3B8-F4BA-4B4A-BA1B-0B12BCCEA833}.Release|Any CPU.ActiveCfg = Release|Any CPU
		{59B5C3B8-F4BA-4B4A-BA1B-0B12BCCEA833}.Release|Any CPU.Build.0 = Release|Any CPU
		{AA50D66E-239B-4394-88EC-B7B83C31FC37}.Debug|Any CPU.ActiveCfg = Debug|Any CPU
		{AA50D66E-239B-4394-88EC-B7B83C31FC37}.Debug|Any CPU.Build.0 = Debug|Any CPU
		{AA50D66E-239B-4394-88EC-B7B83C31FC37}.Release|Any CPU.ActiveCfg = Release|Any CPU
		{AA50D66E-239B-4394-88EC-B7B83C31FC37}.Release|Any CPU.Build.0 = Release|Any CPU
	EndGlobalSection
	GlobalSection(SolutionProperties) = preSolution
		HideSolutionNode = FALSE
	EndGlobalSection
	GlobalSection(ExtensibilityGlobals) = postSolution
		SolutionGuid = {A2993713-C398-412C-BE1E-50A441A710BB}
	EndGlobalSection
EndGlobal
